// !$*UTF8*$!
{
	archiveVersion = 1;
	classes = {
	};
	objectVersion = 55;
	objects = {

/* Begin PBXBuildFile section */
		C11B88C128919B130098C1A7 /* FindFoodMap.swift in Sources */ = {isa = PBXBuildFile; fileRef = C11B88C028919B130098C1A7 /* FindFoodMap.swift */; };
		C11B88C32891E5E80098C1A7 /* AddressManager.swift in Sources */ = {isa = PBXBuildFile; fileRef = C11B88C22891E5E80098C1A7 /* AddressManager.swift */; };
		C15BD1142898647100AFE418 /* foodpins.png in Resources */ = {isa = PBXBuildFile; fileRef = C15BD1132898647100AFE418 /* foodpins.png */; };
		C15BD1162898D7BB00AFE418 /* myRestaurants.csv in Resources */ = {isa = PBXBuildFile; fileRef = C15BD1152898D7BB00AFE418 /* myRestaurants.csv */; };
		C15BD118289972F500AFE418 /* logo.png in Resources */ = {isa = PBXBuildFile; fileRef = C15BD117289972F500AFE418 /* logo.png */; };
		C18973F3288AF5250051A9F9 /* AppDelegate.swift in Sources */ = {isa = PBXBuildFile; fileRef = C18973F2288AF5250051A9F9 /* AppDelegate.swift */; };
		C18973F5288AF5250051A9F9 /* SceneDelegate.swift in Sources */ = {isa = PBXBuildFile; fileRef = C18973F4288AF5250051A9F9 /* SceneDelegate.swift */; };
		C18973F7288AF5250051A9F9 /* ViewController.swift in Sources */ = {isa = PBXBuildFile; fileRef = C18973F6288AF5250051A9F9 /* ViewController.swift */; };
		C18973FA288AF5250051A9F9 /* Main.storyboard in Resources */ = {isa = PBXBuildFile; fileRef = C18973F8288AF5250051A9F9 /* Main.storyboard */; };
		C18973FC288AF5280051A9F9 /* Assets.xcassets in Resources */ = {isa = PBXBuildFile; fileRef = C18973FB288AF5280051A9F9 /* Assets.xcassets */; };
		C18973FF288AF5280051A9F9 /* LaunchScreen.storyboard in Resources */ = {isa = PBXBuildFile; fileRef = C18973FD288AF5280051A9F9 /* LaunchScreen.storyboard */; };
		C19724AE288D958C001AA602 /* Poppins-Font-2 in Resources */ = {isa = PBXBuildFile; fileRef = C19724AD288D958C001AA602 /* Poppins-Font-2 */; };
		C1C0B898288F17B700F5F124 /* CustomTableViewCell.swift in Sources */ = {isa = PBXBuildFile; fileRef = C1C0B897288F17B700F5F124 /* CustomTableViewCell.swift */; };
/* End PBXBuildFile section */

/* Begin PBXFileReference section */
		C11B88C028919B130098C1A7 /* FindFoodMap.swift */ = {isa = PBXFileReference; lastKnownFileType = sourcecode.swift; path = FindFoodMap.swift; sourceTree = "<group>"; };
		C11B88C22891E5E80098C1A7 /* AddressManager.swift */ = {isa = PBXFileReference; lastKnownFileType = sourcecode.swift; path = AddressManager.swift; sourceTree = "<group>"; };
		C15BD1132898647100AFE418 /* foodpins.png */ = {isa = PBXFileReference; lastKnownFileType = image.png; path = foodpins.png; sourceTree = "<group>"; };
		C15BD1152898D7BB00AFE418 /* myRestaurants.csv */ = {isa = PBXFileReference; fileEncoding = 4; lastKnownFileType = text; path = myRestaurants.csv; sourceTree = "<group>"; };
		C15BD117289972F500AFE418 /* logo.png */ = {isa = PBXFileReference; lastKnownFileType = image.png; path = logo.png; sourceTree = "<group>"; };
		C18973EF288AF5250051A9F9 /* TravElite.app */ = {isa = PBXFileReference; explicitFileType = wrapper.application; includeInIndex = 0; path = TravElite.app; sourceTree = BUILT_PRODUCTS_DIR; };
		C18973F2288AF5250051A9F9 /* AppDelegate.swift */ = {isa = PBXFileReference; lastKnownFileType = sourcecode.swift; path = AppDelegate.swift; sourceTree = "<group>"; };
		C18973F4288AF5250051A9F9 /* SceneDelegate.swift */ = {isa = PBXFileReference; lastKnownFileType = sourcecode.swift; path = SceneDelegate.swift; sourceTree = "<group>"; };
		C18973F6288AF5250051A9F9 /* ViewController.swift */ = {isa = PBXFileReference; lastKnownFileType = sourcecode.swift; path = ViewController.swift; sourceTree = "<group>"; };
		C18973F9288AF5250051A9F9 /* Base */ = {isa = PBXFileReference; lastKnownFileType = file.storyboard; name = Base; path = Base.lproj/Main.storyboard; sourceTree = "<group>"; };
		C18973FB288AF5280051A9F9 /* Assets.xcassets */ = {isa = PBXFileReference; lastKnownFileType = folder.assetcatalog; path = Assets.xcassets; sourceTree = "<group>"; };
		C18973FE288AF5280051A9F9 /* Base */ = {isa = PBXFileReference; lastKnownFileType = file.storyboard; name = Base; path = Base.lproj/LaunchScreen.storyboard; sourceTree = "<group>"; };
		C1897400288AF5280051A9F9 /* Info.plist */ = {isa = PBXFileReference; lastKnownFileType = text.plist.xml; path = Info.plist; sourceTree = "<group>"; };
		C19724AD288D958C001AA602 /* Poppins-Font-2 */ = {isa = PBXFileReference; lastKnownFileType = folder; path = "Poppins-Font-2"; sourceTree = "<group>"; };
		C1C0B897288F17B700F5F124 /* CustomTableViewCell.swift */ = {isa = PBXFileReference; lastKnownFileType = sourcecode.swift; path = CustomTableViewCell.swift; sourceTree = "<group>"; };
/* End PBXFileReference section */

/* Begin PBXFrameworksBuildPhase section */
		C18973EC288AF5250051A9F9 /* Frameworks */ = {
			isa = PBXFrameworksBuildPhase;
			buildActionMask = 2147483647;
			files = (
			);
			runOnlyForDeploymentPostprocessing = 0;
		};
/* End PBXFrameworksBuildPhase section */

/* Begin PBXGroup section */
		C18973E6288AF5250051A9F9 = {
			isa = PBXGroup;
			children = (
				C18973F1288AF5250051A9F9 /* TravElite */,
				C18973F0288AF5250051A9F9 /* Products */,
			);
			sourceTree = "<group>";
		};
		C18973F0288AF5250051A9F9 /* Products */ = {
			isa = PBXGroup;
			children = (
				C18973EF288AF5250051A9F9 /* TravElite.app */,
			);
			name = Products;
			sourceTree = "<group>";
		};
		C18973F1288AF5250051A9F9 /* TravElite */ = {
			isa = PBXGroup;
			children = (
				C18973F2288AF5250051A9F9 /* AppDelegate.swift */,
				C18973F4288AF5250051A9F9 /* SceneDelegate.swift */,
				C18973F6288AF5250051A9F9 /* ViewController.swift */,
				C1C0B897288F17B700F5F124 /* CustomTableViewCell.swift */,
				C15BD1152898D7BB00AFE418 /* myRestaurants.csv */,
				C11B88C028919B130098C1A7 /* FindFoodMap.swift */,
				C15BD1132898647100AFE418 /* foodpins.png */,
				C18973F8288AF5250051A9F9 /* Main.storyboard */,
				C18973FB288AF5280051A9F9 /* Assets.xcassets */,
				C18973FD288AF5280051A9F9 /* LaunchScreen.storyboard */,
				C1897400288AF5280051A9F9 /* Info.plist */,
				C19724AD288D958C001AA602 /* Poppins-Font-2 */,
				C11B88C22891E5E80098C1A7 /* AddressManager.swift */,
				C15BD117289972F500AFE418 /* logo.png */,
			);
			path = TravElite;
			sourceTree = "<group>";
		};
/* End PBXGroup section */

/* Begin PBXNativeTarget section */
		C18973EE288AF5250051A9F9 /* TravElite */ = {
			isa = PBXNativeTarget;
			buildConfigurationList = C1897403288AF5280051A9F9 /* Build configuration list for PBXNativeTarget "TravElite" */;
			buildPhases = (
				C18973EB288AF5250051A9F9 /* Sources */,
				C18973EC288AF5250051A9F9 /* Frameworks */,
				C18973ED288AF5250051A9F9 /* Resources */,
			);
			buildRules = (
			);
			dependencies = (
			);
			name = TravElite;
			productName = TravElite;
			productReference = C18973EF288AF5250051A9F9 /* TravElite.app */;
			productType = "com.apple.product-type.application";
		};
/* End PBXNativeTarget section */

/* Begin PBXProject section */
		C18973E7288AF5250051A9F9 /* Project object */ = {
			isa = PBXProject;
			attributes = {
				BuildIndependentTargetsInParallel = 1;
				LastSwiftUpdateCheck = 1340;
				LastUpgradeCheck = 1340;
				TargetAttributes = {
					C18973EE288AF5250051A9F9 = {
						CreatedOnToolsVersion = 13.4.1;
					};
				};
			};
			buildConfigurationList = C18973EA288AF5250051A9F9 /* Build configuration list for PBXProject "TravElite" */;
			compatibilityVersion = "Xcode 13.0";
			developmentRegion = en;
			hasScannedForEncodings = 0;
			knownRegions = (
				en,
				Base,
			);
			mainGroup = C18973E6288AF5250051A9F9;
			productRefGroup = C18973F0288AF5250051A9F9 /* Products */;
			projectDirPath = "";
			projectRoot = "";
			targets = (
				C18973EE288AF5250051A9F9 /* TravElite */,
			);
		};
/* End PBXProject section */

/* Begin PBXResourcesBuildPhase section */
		C18973ED288AF5250051A9F9 /* Resources */ = {
			isa = PBXResourcesBuildPhase;
			buildActionMask = 2147483647;
			files = (
				C18973FF288AF5280051A9F9 /* LaunchScreen.storyboard in Resources */,
				C15BD1142898647100AFE418 /* foodpins.png in Resources */,
				C18973FC288AF5280051A9F9 /* Assets.xcassets in Resources */,
				C15BD1162898D7BB00AFE418 /* myRestaurants.csv in Resources */,
				C15BD118289972F500AFE418 /* logo.png in Resources */,
				C19724AE288D958C001AA602 /* Poppins-Font-2 in Resources */,
				C18973FA288AF5250051A9F9 /* Main.storyboard in Resources */,
			);
			runOnlyForDeploymentPostprocessing = 0;
		};
/* End PBXResourcesBuildPhase section */

/* Begin PBXSourcesBuildPhase section */
		C18973EB288AF5250051A9F9 /* Sources */ = {
			isa = PBXSourcesBuildPhase;
			buildActionMask = 2147483647;
			files = (
				C11B88C32891E5E80098C1A7 /* AddressManager.swift in Sources */,
				C18973F7288AF5250051A9F9 /* ViewController.swift in Sources */,
				C11B88C128919B130098C1A7 /* FindFoodMap.swift in Sources */,
				C18973F3288AF5250051A9F9 /* AppDelegate.swift in Sources */,
				C1C0B898288F17B700F5F124 /* CustomTableViewCell.swift in Sources */,
				C18973F5288AF5250051A9F9 /* SceneDelegate.swift in Sources */,
			);
			runOnlyForDeploymentPostprocessing = 0;
		};
/* End PBXSourcesBuildPhase section */

/* Begin PBXVariantGroup section */
		C18973F8288AF5250051A9F9 /* Main.storyboard */ = {
			isa = PBXVariantGroup;
			children = (
				C18973F9288AF5250051A9F9 /* Base */,
			);
			name = Main.storyboard;
			sourceTree = "<group>";
		};
		C18973FD288AF5280051A9F9 /* LaunchScreen.storyboard */ = {
			isa = PBXVariantGroup;
			children = (
				C18973FE288AF5280051A9F9 /* Base */,
			);
			name = LaunchScreen.storyboard;
			sourceTree = "<group>";
		};
/* End PBXVariantGroup section */

/* Begin XCBuildConfiguration section */
		C1897401288AF5280051A9F9 /* Debug */ = {
			isa = XCBuildConfiguration;
			buildSettings = {
				ALWAYS_SEARCH_USER_PATHS = NO;
				CLANG_ANALYZER_NONNULL = YES;
				CLANG_ANALYZER_NUMBER_OBJECT_CONVERSION = YES_AGGRESSIVE;
				CLANG_CXX_LANGUAGE_STANDARD = "gnu++17";
				CLANG_ENABLE_MODULES = YES;
				CLANG_ENABLE_OBJC_ARC = YES;
				CLANG_ENABLE_OBJC_WEAK = YES;
				CLANG_WARN_BLOCK_CAPTURE_AUTORELEASING = YES;
				CLANG_WARN_BOOL_CONVERSION = YES;
				CLANG_WARN_COMMA = YES;
				CLANG_WARN_CONSTANT_CONVERSION = YES;
				CLANG_WARN_DEPRECATED_OBJC_IMPLEMENTATIONS = YES;
				CLANG_WARN_DIRECT_OBJC_ISA_USAGE = YES_ERROR;
				CLANG_WARN_DOCUMENTATION_COMMENTS = YES;
				CLANG_WARN_EMPTY_BODY = YES;
				CLANG_WARN_ENUM_CONVERSION = YES;
				CLANG_WARN_INFINITE_RECURSION = YES;
				CLANG_WARN_INT_CONVERSION = YES;
				CLANG_WARN_NON_LITERAL_NULL_CONVERSION = YES;
				CLANG_WARN_OBJC_IMPLICIT_RETAIN_SELF = YES;
				CLANG_WARN_OBJC_LITERAL_CONVERSION = YES;
				CLANG_WARN_OBJC_ROOT_CLASS = YES_ERROR;
				CLANG_WARN_QUOTED_INCLUDE_IN_FRAMEWORK_HEADER = YES;
				CLANG_WARN_RANGE_LOOP_ANALYSIS = YES;
				CLANG_WARN_STRICT_PROTOTYPES = YES;
				CLANG_WARN_SUSPICIOUS_MOVE = YES;
				CLANG_WARN_UNGUARDED_AVAILABILITY = YES_AGGRESSIVE;
				CLANG_WARN_UNREACHABLE_CODE = YES;
				CLANG_WARN__DUPLICATE_METHOD_MATCH = YES;
				COPY_PHASE_STRIP = NO;
				DEBUG_INFORMATION_FORMAT = dwarf;
				ENABLE_STRICT_OBJC_MSGSEND = YES;
				ENABLE_TESTABILITY = YES;
				GCC_C_LANGUAGE_STANDARD = gnu11;
				GCC_DYNAMIC_NO_PIC = NO;
				GCC_NO_COMMON_BLOCKS = YES;
				GCC_OPTIMIZATION_LEVEL = 0;
				GCC_PREPROCESSOR_DEFINITIONS = (
					"DEBUG=1",
					"$(inherited)",
				);
				GCC_WARN_64_TO_32_BIT_CONVERSION = YES;
				GCC_WARN_ABOUT_RETURN_TYPE = YES_ERROR;
				GCC_WARN_UNDECLARED_SELECTOR = YES;
				GCC_WARN_UNINITIALIZED_AUTOS = YES_AGGRESSIVE;
				GCC_WARN_UNUSED_FUNCTION = YES;
				GCC_WARN_UNUSED_VARIABLE = YES;
				IPHONEOS_DEPLOYMENT_TARGET = 15.5;
				MTL_ENABLE_DEBUG_INFO = INCLUDE_SOURCE;
				MTL_FAST_MATH = YES;
				ONLY_ACTIVE_ARCH = YES;
				SDKROOT = iphoneos;
				SWIFT_ACTIVE_COMPILATION_CONDITIONS = DEBUG;
				SWIFT_OPTIMIZATION_LEVEL = "-Onone";
			};
			name = Debug;
		};
		C1897402288AF5280051A9F9 /* Release */ = {
			isa = XCBuildConfiguration;
			buildSettings = {
				ALWAYS_SEARCH_USER_PATHS = NO;
				CLANG_ANALYZER_NONNULL = YES;
				CLANG_ANALYZER_NUMBER_OBJECT_CONVERSION = YES_AGGRESSIVE;
				CLANG_CXX_LANGUAGE_STANDARD = "gnu++17";
				CLANG_ENABLE_MODULES = YES;
				CLANG_ENABLE_OBJC_ARC = YES;
				CLANG_ENABLE_OBJC_WEAK = YES;
				CLANG_WARN_BLOCK_CAPTURE_AUTORELEASING = YES;
				CLANG_WARN_BOOL_CONVERSION = YES;
				CLANG_WARN_COMMA = YES;
				CLANG_WARN_CONSTANT_CONVERSION = YES;
				CLANG_WARN_DEPRECATED_OBJC_IMPLEMENTATIONS = YES;
				CLANG_WARN_DIRECT_OBJC_ISA_USAGE = YES_ERROR;
				CLANG_WARN_DOCUMENTATION_COMMENTS = YES;
				CLANG_WARN_EMPTY_BODY = YES;
				CLANG_WARN_ENUM_CONVERSION = YES;
				CLANG_WARN_INFINITE_RECURSION = YES;
				CLANG_WARN_INT_CONVERSION = YES;
				CLANG_WARN_NON_LITERAL_NULL_CONVERSION = YES;
				CLANG_WARN_OBJC_IMPLICIT_RETAIN_SELF = YES;
				CLANG_WARN_OBJC_LITERAL_CONVERSION = YES;
				CLANG_WARN_OBJC_ROOT_CLASS = YES_ERROR;
				CLANG_WARN_QUOTED_INCLUDE_IN_FRAMEWORK_HEADER = YES;
				CLANG_WARN_RANGE_LOOP_ANALYSIS = YES;
				CLANG_WARN_STRICT_PROTOTYPES = YES;
				CLANG_WARN_SUSPICIOUS_MOVE = YES;
				CLANG_WARN_UNGUARDED_AVAILABILITY = YES_AGGRESSIVE;
				CLANG_WARN_UNREACHABLE_CODE = YES;
				CLANG_WARN__DUPLICATE_METHOD_MATCH = YES;
				COPY_PHASE_STRIP = NO;
				DEBUG_INFORMATION_FORMAT = "dwarf-with-dsym";
				ENABLE_NS_ASSERTIONS = NO;
				ENABLE_STRICT_OBJC_MSGSEND = YES;
				GCC_C_LANGUAGE_STANDARD = gnu11;
				GCC_NO_COMMON_BLOCKS = YES;
				GCC_WARN_64_TO_32_BIT_CONVERSION = YES;
				GCC_WARN_ABOUT_RETURN_TYPE = YES_ERROR;
				GCC_WARN_UNDECLARED_SELECTOR = YES;
				GCC_WARN_UNINITIALIZED_AUTOS = YES_AGGRESSIVE;
				GCC_WARN_UNUSED_FUNCTION = YES;
				GCC_WARN_UNUSED_VARIABLE = YES;
				IPHONEOS_DEPLOYMENT_TARGET = 15.5;
				MTL_ENABLE_DEBUG_INFO = NO;
				MTL_FAST_MATH = YES;
				SDKROOT = iphoneos;
				SWIFT_COMPILATION_MODE = wholemodule;
				SWIFT_OPTIMIZATION_LEVEL = "-O";
				VALIDATE_PRODUCT = YES;
			};
			name = Release;
		};
		C1897404288AF5280051A9F9 /* Debug */ = {
			isa = XCBuildConfiguration;
			buildSettings = {
				ASSETCATALOG_COMPILER_APPICON_NAME = AppIcon;
				ASSETCATALOG_COMPILER_GLOBAL_ACCENT_COLOR_NAME = AccentColor;
				CODE_SIGN_STYLE = Automatic;
				CURRENT_PROJECT_VERSION = 1;
				DEVELOPMENT_TEAM = GT2GT87S8N;
				GENERATE_INFOPLIST_FILE = YES;
				INFOPLIST_FILE = TravElite/Info.plist;
				INFOPLIST_KEY_UIApplicationSupportsIndirectInputEvents = YES;
				INFOPLIST_KEY_UILaunchStoryboardName = LaunchScreen;
				INFOPLIST_KEY_UIMainStoryboardFile = Main;
				INFOPLIST_KEY_UISupportedInterfaceOrientations_iPad = "UIInterfaceOrientationPortrait UIInterfaceOrientationPortraitUpsideDown UIInterfaceOrientationLandscapeLeft UIInterfaceOrientationLandscapeRight";
				INFOPLIST_KEY_UISupportedInterfaceOrientations_iPhone = "UIInterfaceOrientationPortrait UIInterfaceOrientationLandscapeLeft UIInterfaceOrientationLandscapeRight";
				LD_RUNPATH_SEARCH_PATHS = (
					"$(inherited)",
					"@executable_path/Frameworks",
				);
				MARKETING_VERSION = 1.0;
				PRODUCT_BUNDLE_IDENTIFIER = com.example.TravElite;
				PRODUCT_NAME = "$(TARGET_NAME)";
				SWIFT_EMIT_LOC_STRINGS = YES;
				SWIFT_VERSION = 5.0;
				TARGETED_DEVICE_FAMILY = "1,2";
			};
			name = Debug;
		};
		C1897405288AF5280051A9F9 /* Release */ = {
			isa = XCBuildConfiguration;
			buildSettings = {
				ASSETCATALOG_COMPILER_APPICON_NAME = AppIcon;
				ASSETCATALOG_COMPILER_GLOBAL_ACCENT_COLOR_NAME = AccentColor;
				CODE_SIGN_STYLE = Automatic;
				CURRENT_PROJECT_VERSION = 1;
				DEVELOPMENT_TEAM = GT2GT87S8N;
				GENERATE_INFOPLIST_FILE = YES;
				INFOPLIST_FILE = TravElite/Info.plist;
				INFOPLIST_KEY_UIApplicationSupportsIndirectInputEvents = YES;
				INFOPLIST_KEY_UILaunchStoryboardName = LaunchScreen;
				INFOPLIST_KEY_UIMainStoryboardFile = Main;
				INFOPLIST_KEY_UISupportedInterfaceOrientations_iPad = "UIInterfaceOrientationPortrait UIInterfaceOrientationPortraitUpsideDown UIInterfaceOrientationLandscapeLeft UIInterfaceOrientationLandscapeRight";
				INFOPLIST_KEY_UISupportedInterfaceOrientations_iPhone = "UIInterfaceOrientationPortrait UIInterfaceOrientationLandscapeLeft UIInterfaceOrientationLandscapeRight";
				LD_RUNPATH_SEARCH_PATHS = (
					"$(inherited)",
					"@executable_path/Frameworks",
				);
				MARKETING_VERSION = 1.0;
				PRODUCT_BUNDLE_IDENTIFIER = com.example.TravElite;
				PRODUCT_NAME = "$(TARGET_NAME)";
				SWIFT_EMIT_LOC_STRINGS = YES;
				SWIFT_VERSION = 5.0;
				TARGETED_DEVICE_FAMILY = "1,2";
			};
			name = Release;
		};
/* End XCBuildConfiguration section */

/* Begin XCConfigurationList section */
		C18973EA288AF5250051A9F9 /* Build configuration list for PBXProject "TravElite" */ = {
			isa = XCConfigurationList;
			buildConfigurations = (
				C1897401288AF5280051A9F9 /* Debug */,
				C1897402288AF5280051A9F9 /* Release */,
			);
			defaultConfigurationIsVisible = 0;
			defaultConfigurationName = Release;
		};
		C1897403288AF5280051A9F9 /* Build configuration list for PBXNativeTarget "TravElite" */ = {
			isa = XCConfigurationList;
			buildConfigurations = (
				C1897404288AF5280051A9F9 /* Debug */,
				C1897405288AF5280051A9F9 /* Release */,
			);
			defaultConfigurationIsVisible = 0;
			defaultConfigurationName = Release;
		};
/* End XCConfigurationList section */
	};
	rootObject = C18973E7288AF5250051A9F9 /* Project object */;
}
